
Microsoft Visual Studio Solution File, Format Version 12.00
# Visual Studio Version 17
VisualStudioVersion = 17.8.34511.84
MinimumVisualStudioVersion = 10.0.40219.1
Project("{FAE04EC0-301F-11D3-BF4B-00C04F79EFBC}") = "Assignment2", "Assignment2\Assignment2.csproj", "{11EAFC2F-D31B-43AF-9F46-521B33203B22}"
EndProject
Global
	GlobalSection(SolutionConfigurationPlatforms) = preSolution
		Debug|Any CPU = Debug|Any CPU
		Release|Any CPU = Release|Any CPU
	EndGlobalSection
	GlobalSection(ProjectConfigurationPlatforms) = postSolution
		{11EAFC2F-D31B-43AF-9F46-521B33203B22}.Debug|Any CPU.ActiveCfg = Debug|Any CPU
		{11EAFC2F-D31B-43AF-9F46-521B33203B22}.Debug|Any CPU.Build.0 = Debug|Any CPU
		{11EAFC2F-D31B-43AF-9F46-521B33203B22}.Release|Any CPU.ActiveCfg = Release|Any CPU
		{11EAFC2F-D31B-43AF-9F46-521B33203B22}.Release|Any CPU.Build.0 = Release|Any CPU
	EndGlobalSection
	GlobalSection(SolutionProperties) = preSolution
		HideSolutionNode = FALSE
	EndGlobalSection
	GlobalSection(ExtensibilityGlobals) = postSolution
		SolutionGuid = {EBB166E3-6174-4751-855F-FAADD9F8E569}
	EndGlobalSection
EndGlobal
